
Microsoft Visual Studio Solution File, Format Version 12.00
# Visual Studio Version 17
VisualStudioVersion = 17.5.33516.290
MinimumVisualStudioVersion = 10.0.40219.1
Project("{FAE04EC0-301F-11D3-BF4B-00C04F79EFBC}") = "MvcStok", "MvcStok\MvcStok.csproj", "{43AF2947-8EFA-4EC5-90F3-C069E4E258CF}"
EndProject
Global
	GlobalSection(SolutionConfigurationPlatforms) = preSolution
		Debug|Any CPU = Debug|Any CPU
		Release|Any CPU = Release|Any CPU
	EndGlobalSection
	GlobalSection(ProjectConfigurationPlatforms) = postSolution
		{43AF2947-8EFA-4EC5-90F3-C069E4E258CF}.Debug|Any CPU.ActiveCfg = Debug|Any CPU
		{43AF2947-8EFA-4EC5-90F3-C069E4E258CF}.Debug|Any CPU.Build.0 = Debug|Any CPU
		{43AF2947-8EFA-4EC5-90F3-C069E4E258CF}.Release|Any CPU.ActiveCfg = Release|Any CPU
		{43AF2947-8EFA-4EC5-90F3-C069E4E258CF}.Release|Any CPU.Build.0 = Release|Any CPU
	EndGlobalSection
	GlobalSection(SolutionProperties) = preSolution
		HideSolutionNode = FALSE
	EndGlobalSection
	GlobalSection(ExtensibilityGlobals) = postSolution
		SolutionGuid = {7FEAF4E0-1D22-460C-914C-73A5D98E245F}
	EndGlobalSection
EndGlobal
